// !$*UTF8*$!
{
	archiveVersion = 1;
	classes = {
	};
	objectVersion = 46;
	objects = {

/* Begin PBXBuildFile section */
		B1C4160E193640250097A17F /* Foundation.framework in Frameworks */ = {isa = PBXBuildFile; fileRef = B1C4160D193640250097A17F /* Foundation.framework */; };
		B1C41610193640250097A17F /* CoreGraphics.framework in Frameworks */ = {isa = PBXBuildFile; fileRef = B1C4160F193640250097A17F /* CoreGraphics.framework */; };
		B1C41612193640250097A17F /* UIKit.framework in Frameworks */ = {isa = PBXBuildFile; fileRef = B1C41611193640250097A17F /* UIKit.framework */; };
		B1C41618193640250097A17F /* InfoPlist.strings in Resources */ = {isa = PBXBuildFile; fileRef = B1C41616193640250097A17F /* InfoPlist.strings */; };
		B1C4161A193640250097A17F /* main.m in Sources */ = {isa = PBXBuildFile; fileRef = B1C41619193640250097A17F /* main.m */; };
		B1C4161E193640250097A17F /* AppDelegate.m in Sources */ = {isa = PBXBuildFile; fileRef = B1C4161D193640250097A17F /* AppDelegate.m */; };
		B1C41621193640250097A17F /* Main.storyboard in Resources */ = {isa = PBXBuildFile; fileRef = B1C4161F193640250097A17F /* Main.storyboard */; };
		B1C41624193640250097A17F /* ViewController.m in Sources */ = {isa = PBXBuildFile; fileRef = B1C41623193640250097A17F /* ViewController.m */; };
		B1C41626193640250097A17F /* Images.xcassets in Resources */ = {isa = PBXBuildFile; fileRef = B1C41625193640250097A17F /* Images.xcassets */; };
		B1C4162D193640250097A17F /* XCTest.framework in Frameworks */ = {isa = PBXBuildFile; fileRef = B1C4162C193640250097A17F /* XCTest.framework */; };
		B1C4162E193640250097A17F /* Foundation.framework in Frameworks */ = {isa = PBXBuildFile; fileRef = B1C4160D193640250097A17F /* Foundation.framework */; };
		B1C4162F193640250097A17F /* UIKit.framework in Frameworks */ = {isa = PBXBuildFile; fileRef = B1C41611193640250097A17F /* UIKit.framework */; };
		B1C41637193640250097A17F /* InfoPlist.strings in Resources */ = {isa = PBXBuildFile; fileRef = B1C41635193640250097A17F /* InfoPlist.strings */; };
		B1C41639193640250097A17F /* JannkenGameTests.m in Sources */ = {isa = PBXBuildFile; fileRef = B1C41638193640250097A17F /* JannkenGameTests.m */; };
/* End PBXBuildFile section */

/* Begin PBXContainerItemProxy section */
		B1C41630193640250097A17F /* PBXContainerItemProxy */ = {
			isa = PBXContainerItemProxy;
			containerPortal = B1C41602193640250097A17F /* Project object */;
			proxyType = 1;
			remoteGlobalIDString = B1C41609193640250097A17F;
			remoteInfo = JannkenGame;
		};
/* End PBXContainerItemProxy section */

/* Begin PBXFileReference section */
		B1C4160A193640250097A17F /* JannkenGame.app */ = {isa = PBXFileReference; explicitFileType = wrapper.application; includeInIndex = 0; path = JannkenGame.app; sourceTree = BUILT_PRODUCTS_DIR; };
		B1C4160D193640250097A17F /* Foundation.framework */ = {isa = PBXFileReference; lastKnownFileType = wrapper.framework; name = Foundation.framework; path = System/Library/Frameworks/Foundation.framework; sourceTree = SDKROOT; };
		B1C4160F193640250097A17F /* CoreGraphics.framework */ = {isa = PBXFileReference; lastKnownFileType = wrapper.framework; name = CoreGraphics.framework; path = System/Library/Frameworks/CoreGraphics.framework; sourceTree = SDKROOT; };
		B1C41611193640250097A17F /* UIKit.framework */ = {isa = PBXFileReference; lastKnownFileType = wrapper.framework; name = UIKit.framework; path = System/Library/Frameworks/UIKit.framework; sourceTree = SDKROOT; };
		B1C41615193640250097A17F /* JannkenGame-Info.plist */ = {isa = PBXFileReference; lastKnownFileType = text.plist.xml; path = "JannkenGame-Info.plist"; sourceTree = "<group>"; };
		B1C41617193640250097A17F /* en */ = {isa = PBXFileReference; lastKnownFileType = text.plist.strings; name = en; path = en.lproj/InfoPlist.strings; sourceTree = "<group>"; };
		B1C41619193640250097A17F /* main.m */ = {isa = PBXFileReference; lastKnownFileType = sourcecode.c.objc; path = main.m; sourceTree = "<group>"; };
		B1C4161B193640250097A17F /* JannkenGame-Prefix.pch */ = {isa = PBXFileReference; lastKnownFileType = sourcecode.c.h; path = "JannkenGame-Prefix.pch"; sourceTree = "<group>"; };
		B1C4161C193640250097A17F /* AppDelegate.h */ = {isa = PBXFileReference; lastKnownFileType = sourcecode.c.h; path = AppDelegate.h; sourceTree = "<group>"; };
		B1C4161D193640250097A17F /* AppDelegate.m */ = {isa = PBXFileReference; lastKnownFileType = sourcecode.c.objc; path = AppDelegate.m; sourceTree = "<group>"; };
		B1C41620193640250097A17F /* Base */ = {isa = PBXFileReference; lastKnownFileType = file.storyboard; name = Base; path = Base.lproj/Main.storyboard; sourceTree = "<group>"; };
		B1C41622193640250097A17F /* ViewController.h */ = {isa = PBXFileReference; lastKnownFileType = sourcecode.c.h; path = ViewController.h; sourceTree = "<group>"; };
		B1C41623193640250097A17F /* ViewController.m */ = {isa = PBXFileReference; lastKnownFileType = sourcecode.c.objc; path = ViewController.m; sourceTree = "<group>"; };
		B1C41625193640250097A17F /* Images.xcassets */ = {isa = PBXFileReference; lastKnownFileType = folder.assetcatalog; path = Images.xcassets; sourceTree = "<group>"; };
		B1C4162B193640250097A17F /* JannkenGameTests.xctest */ = {isa = PBXFileReference; explicitFileType = wrapper.cfbundle; includeInIndex = 0; path = JannkenGameTests.xctest; sourceTree = BUILT_PRODUCTS_DIR; };
		B1C4162C193640250097A17F /* XCTest.framework */ = {isa = PBXFileReference; lastKnownFileType = wrapper.framework; name = XCTest.framework; path = Library/Frameworks/XCTest.framework; sourceTree = DEVELOPER_DIR; };
		B1C41634193640250097A17F /* JannkenGameTests-Info.plist */ = {isa = PBXFileReference; lastKnownFileType = text.plist.xml; path = "JannkenGameTests-Info.plist"; sourceTree = "<group>"; };
		B1C41636193640250097A17F /* en */ = {isa = PBXFileReference; lastKnownFileType = text.plist.strings; name = en; path = en.lproj/InfoPlist.strings; sourceTree = "<group>"; };
		B1C41638193640250097A17F /* JannkenGameTests.m */ = {isa = PBXFileReference; lastKnownFileType = sourcecode.c.objc; path = JannkenGameTests.m; sourceTree = "<group>"; };
/* End PBXFileReference section */

/* Begin PBXFrameworksBuildPhase section */
		B1C41607193640250097A17F /* Frameworks */ = {
			isa = PBXFrameworksBuildPhase;
			buildActionMask = 2147483647;
			files = (
				B1C41610193640250097A17F /* CoreGraphics.framework in Frameworks */,
				B1C41612193640250097A17F /* UIKit.framework in Frameworks */,
				B1C4160E193640250097A17F /* Foundation.framework in Frameworks */,
			);
			runOnlyForDeploymentPostprocessing = 0;
		};
		B1C41628193640250097A17F /* Frameworks */ = {
			isa = PBXFrameworksBuildPhase;
			buildActionMask = 2147483647;
			files = (
				B1C4162D193640250097A17F /* XCTest.framework in Frameworks */,
				B1C4162F193640250097A17F /* UIKit.framework in Frameworks */,
				B1C4162E193640250097A17F /* Foundation.framework in Frameworks */,
			);
			runOnlyForDeploymentPostprocessing = 0;
		};
/* End PBXFrameworksBuildPhase section */

/* Begin PBXGroup section */
		B1C41601193640250097A17F = {
			isa = PBXGroup;
			children = (
				B1C41613193640250097A17F /* JannkenGame */,
				B1C41632193640250097A17F /* JannkenGameTests */,
				B1C4160C193640250097A17F /* Frameworks */,
				B1C4160B193640250097A17F /* Products */,
			);
			sourceTree = "<group>";
		};
		B1C4160B193640250097A17F /* Products */ = {
			isa = PBXGroup;
			children = (
				B1C4160A193640250097A17F /* JannkenGame.app */,
				B1C4162B193640250097A17F /* JannkenGameTests.xctest */,
			);
			name = Products;
			sourceTree = "<group>";
		};
		B1C4160C193640250097A17F /* Frameworks */ = {
			isa = PBXGroup;
			children = (
				B1C4160D193640250097A17F /* Foundation.framework */,
				B1C4160F193640250097A17F /* CoreGraphics.framework */,
				B1C41611193640250097A17F /* UIKit.framework */,
				B1C4162C193640250097A17F /* XCTest.framework */,
			);
			name = Frameworks;
			sourceTree = "<group>";
		};
		B1C41613193640250097A17F /* JannkenGame */ = {
			isa = PBXGroup;
			children = (
				B1C4161C193640250097A17F /* AppDelegate.h */,
				B1C4161D193640250097A17F /* AppDelegate.m */,
				B1C4161F193640250097A17F /* Main.storyboard */,
				B1C41622193640250097A17F /* ViewController.h */,
				B1C41623193640250097A17F /* ViewController.m */,
				B1C41625193640250097A17F /* Images.xcassets */,
				B1C41614193640250097A17F /* Supporting Files */,
			);
			path = JannkenGame;
			sourceTree = "<group>";
		};
		B1C41614193640250097A17F /* Supporting Files */ = {
			isa = PBXGroup;
			children = (
				B1C41615193640250097A17F /* JannkenGame-Info.plist */,
				B1C41616193640250097A17F /* InfoPlist.strings */,
				B1C41619193640250097A17F /* main.m */,
				B1C4161B193640250097A17F /* JannkenGame-Prefix.pch */,
			);
			name = "Supporting Files";
			sourceTree = "<group>";
		};
		B1C41632193640250097A17F /* JannkenGameTests */ = {
			isa = PBXGroup;
			children = (
				B1C41638193640250097A17F /* JannkenGameTests.m */,
				B1C41633193640250097A17F /* Supporting Files */,
			);
			path = JannkenGameTests;
			sourceTree = "<group>";
		};
		B1C41633193640250097A17F /* Supporting Files */ = {
			isa = PBXGroup;
			children = (
				B1C41634193640250097A17F /* JannkenGameTests-Info.plist */,
				B1C41635193640250097A17F /* InfoPlist.strings */,
			);
			name = "Supporting Files";
			sourceTree = "<group>";
		};
/* End PBXGroup section */

/* Begin PBXNativeTarget section */
		B1C41609193640250097A17F /* JannkenGame */ = {
			isa = PBXNativeTarget;
			buildConfigurationList = B1C4163C193640250097A17F /* Build configuration list for PBXNativeTarget "JannkenGame" */;
			buildPhases = (
				B1C41606193640250097A17F /* Sources */,
				B1C41607193640250097A17F /* Frameworks */,
				B1C41608193640250097A17F /* Resources */,
			);
			buildRules = (
			);
			dependencies = (
			);
			name = JannkenGame;
			productName = JannkenGame;
			productReference = B1C4160A193640250097A17F /* JannkenGame.app */;
			productType = "com.apple.product-type.application";
		};
		B1C4162A193640250097A17F /* JannkenGameTests */ = {
			isa = PBXNativeTarget;
			buildConfigurationList = B1C4163F193640250097A17F /* Build configuration list for PBXNativeTarget "JannkenGameTests" */;
			buildPhases = (
				B1C41627193640250097A17F /* Sources */,
				B1C41628193640250097A17F /* Frameworks */,
				B1C41629193640250097A17F /* Resources */,
			);
			buildRules = (
			);
			dependencies = (
				B1C41631193640250097A17F /* PBXTargetDependency */,
			);
			name = JannkenGameTests;
			productName = JannkenGameTests;
			productReference = B1C4162B193640250097A17F /* JannkenGameTests.xctest */;
			productType = "com.apple.product-type.bundle.unit-test";
		};
/* End PBXNativeTarget section */

/* Begin PBXProject section */
		B1C41602193640250097A17F /* Project object */ = {
			isa = PBXProject;
			attributes = {
				LastUpgradeCheck = 0510;
				ORGANIZATIONNAME = ucuc;
				TargetAttributes = {
					B1C4162A193640250097A17F = {
						TestTargetID = B1C41609193640250097A17F;
					};
				};
			};
			buildConfigurationList = B1C41605193640250097A17F /* Build configuration list for PBXProject "JannkenGame" */;
			compatibilityVersion = "Xcode 3.2";
			developmentRegion = English;
			hasScannedForEncodings = 0;
			knownRegions = (
				en,
				Base,
			);
			mainGroup = B1C41601193640250097A17F;
			productRefGroup = B1C4160B193640250097A17F /* Products */;
			projectDirPath = "";
			projectRoot = "";
			targets = (
				B1C41609193640250097A17F /* JannkenGame */,
				B1C4162A193640250097A17F /* JannkenGameTests */,
			);
		};
/* End PBXProject section */

/* Begin PBXResourcesBuildPhase section */
		B1C41608193640250097A17F /* Resources */ = {
			isa = PBXResourcesBuildPhase;
			buildActionMask = 2147483647;
			files = (
				B1C41626193640250097A17F /* Images.xcassets in Resources */,
				B1C41618193640250097A17F /* InfoPlist.strings in Resources */,
				B1C41621193640250097A17F /* Main.storyboard in Resources */,
			);
			runOnlyForDeploymentPostprocessing = 0;
		};
		B1C41629193640250097A17F /* Resources */ = {
			isa = PBXResourcesBuildPhase;
			buildActionMask = 2147483647;
			files = (
				B1C41637193640250097A17F /* InfoPlist.strings in Resources */,
			);
			runOnlyForDeploymentPostprocessing = 0;
		};
/* End PBXResourcesBuildPhase section */

/* Begin PBXSourcesBuildPhase section */
		B1C41606193640250097A17F /* Sources */ = {
			isa = PBXSourcesBuildPhase;
			buildActionMask = 2147483647;
			files = (
				B1C41624193640250097A17F /* ViewController.m in Sources */,
				B1C4161E193640250097A17F /* AppDelegate.m in Sources */,
				B1C4161A193640250097A17F /* main.m in Sources */,
			);
			runOnlyForDeploymentPostprocessing = 0;
		};
		B1C41627193640250097A17F /* Sources */ = {
			isa = PBXSourcesBuildPhase;
			buildActionMask = 2147483647;
			files = (
				B1C41639193640250097A17F /* JannkenGameTests.m in Sources */,
			);
			runOnlyForDeploymentPostprocessing = 0;
		};
/* End PBXSourcesBuildPhase section */

/* Begin PBXTargetDependency section */
		B1C41631193640250097A17F /* PBXTargetDependency */ = {
			isa = PBXTargetDependency;
			target = B1C41609193640250097A17F /* JannkenGame */;
			targetProxy = B1C41630193640250097A17F /* PBXContainerItemProxy */;
		};
/* End PBXTargetDependency section */

/* Begin PBXVariantGroup section */
		B1C41616193640250097A17F /* InfoPlist.strings */ = {
			isa = PBXVariantGroup;
			children = (
				B1C41617193640250097A17F /* en */,
			);
			name = InfoPlist.strings;
			sourceTree = "<group>";
		};
		B1C4161F193640250097A17F /* Main.storyboard */ = {
			isa = PBXVariantGroup;
			children = (
				B1C41620193640250097A17F /* Base */,
			);
			name = Main.storyboard;
			sourceTree = "<group>";
		};
		B1C41635193640250097A17F /* InfoPlist.strings */ = {
			isa = PBXVariantGroup;
			children = (
				B1C41636193640250097A17F /* en */,
			);
			name = InfoPlist.strings;
			sourceTree = "<group>";
		};
/* End PBXVariantGroup section */

/* Begin XCBuildConfiguration section */
		B1C4163A193640250097A17F /* Debug */ = {
			isa = XCBuildConfiguration;
			buildSettings = {
				ALWAYS_SEARCH_USER_PATHS = NO;
				CLANG_CXX_LANGUAGE_STANDARD = "gnu++0x";
				CLANG_CXX_LIBRARY = "libc++";
				CLANG_ENABLE_MODULES = YES;
				CLANG_ENABLE_OBJC_ARC = YES;
				CLANG_WARN_BOOL_CONVERSION = YES;
				CLANG_WARN_CONSTANT_CONVERSION = YES;
				CLANG_WARN_DIRECT_OBJC_ISA_USAGE = YES_ERROR;
				CLANG_WARN_EMPTY_BODY = YES;
				CLANG_WARN_ENUM_CONVERSION = YES;
				CLANG_WARN_INT_CONVERSION = YES;
				CLANG_WARN_OBJC_ROOT_CLASS = YES_ERROR;
				CLANG_WARN__DUPLICATE_METHOD_MATCH = YES;
				"CODE_SIGN_IDENTITY[sdk=iphoneos*]" = "iPhone Developer";
				COPY_PHASE_STRIP = NO;
				GCC_C_LANGUAGE_STANDARD = gnu99;
				GCC_DYNAMIC_NO_PIC = NO;
				GCC_OPTIMIZATION_LEVEL = 0;
				GCC_PREPROCESSOR_DEFINITIONS = (
					"DEBUG=1",
					"$(inherited)",
				);
				GCC_SYMBOLS_PRIVATE_EXTERN = NO;
				GCC_WARN_64_TO_32_BIT_CONVERSION = YES;
				GCC_WARN_ABOUT_RETURN_TYPE = YES_ERROR;
				GCC_WARN_UNDECLARED_SELECTOR = YES;
				GCC_WARN_UNINITIALIZED_AUTOS = YES_AGGRESSIVE;
				GCC_WARN_UNUSED_FUNCTION = YES;
				GCC_WARN_UNUSED_VARIABLE = YES;
				IPHONEOS_DEPLOYMENT_TARGET = 7.1;
				ONLY_ACTIVE_ARCH = YES;
				SDKROOT = iphoneos;
			};
			name = Debug;
		};
		B1C4163B193640250097A17F /* Release */ = {
			isa = XCBuildConfiguration;
			buildSettings = {
				ALWAYS_SEARCH_USER_PATHS = NO;
				CLANG_CXX_LANGUAGE_STANDARD = "gnu++0x";
				CLANG_CXX_LIBRARY = "libc++";
				CLANG_ENABLE_MODULES = YES;
				CLANG_ENABLE_OBJC_ARC = YES;
				CLANG_WARN_BOOL_CONVERSION = YES;
				CLANG_WARN_CONSTANT_CONVERSION = YES;
				CLANG_WARN_DIRECT_OBJC_ISA_USAGE = YES_ERROR;
				CLANG_WARN_EMPTY_BODY = YES;
				CLANG_WARN_ENUM_CONVERSION = YES;
				CLANG_WARN_INT_CONVERSION = YES;
				CLANG_WARN_OBJC_ROOT_CLASS = YES_ERROR;
				CLANG_WARN__DUPLICATE_METHOD_MATCH = YES;
				"CODE_SIGN_IDENTITY[sdk=iphoneos*]" = "iPhone Developer";
				COPY_PHASE_STRIP = YES;
				ENABLE_NS_ASSERTIONS = NO;
				GCC_C_LANGUAGE_STANDARD = gnu99;
				GCC_WARN_64_TO_32_BIT_CONVERSION = YES;
				GCC_WARN_ABOUT_RETURN_TYPE = YES_ERROR;
				GCC_WARN_UNDECLARED_SELECTOR = YES;
				GCC_WARN_UNINITIALIZED_AUTOS = YES_AGGRESSIVE;
				GCC_WARN_UNUSED_FUNCTION = YES;
				GCC_WARN_UNUSED_VARIABLE = YES;
				IPHONEOS_DEPLOYMENT_TARGET = 7.1;
				SDKROOT = iphoneos;
				VALIDATE_PRODUCT = YES;
			};
			name = Release;
		};
		B1C4163D193640250097A17F /* Debug */ = {
			isa = XCBuildConfiguration;
			buildSettings = {
				ASSETCATALOG_COMPILER_APPICON_NAME = AppIcon;
				ASSETCATALOG_COMPILER_LAUNCHIMAGE_NAME = LaunchImage;
				GCC_PRECOMPILE_PREFIX_HEADER = YES;
				GCC_PREFIX_HEADER = "JannkenGame/JannkenGame-Prefix.pch";
				INFOPLIST_FILE = "JannkenGame/JannkenGame-Info.plist";
				PRODUCT_NAME = "$(TARGET_NAME)";
				WRAPPER_EXTENSION = app;
			};
			name = Debug;
		};
		B1C4163E193640250097A17F /* Release */ = {
			isa = XCBuildConfiguration;
			buildSettings = {
				ASSETCATALOG_COMPILER_APPICON_NAME = AppIcon;
				ASSETCATALOG_COMPILER_LAUNCHIMAGE_NAME = LaunchImage;
				GCC_PRECOMPILE_PREFIX_HEADER = YES;
				GCC_PREFIX_HEADER = "JannkenGame/JannkenGame-Prefix.pch";
				INFOPLIST_FILE = "JannkenGame/JannkenGame-Info.plist";
				PRODUCT_NAME = "$(TARGET_NAME)";
				WRAPPER_EXTENSION = app;
			};
			name = Release;
		};
		B1C41640193640250097A17F /* Debug */ = {
			isa = XCBuildConfiguration;
			buildSettings = {
				BUNDLE_LOADER = "$(BUILT_PRODUCTS_DIR)/JannkenGame.app/JannkenGame";
				FRAMEWORK_SEARCH_PATHS = (
					"$(SDKROOT)/Developer/Library/Frameworks",
					"$(inherited)",
					"$(DEVELOPER_FRAMEWORKS_DIR)",
				);
				GCC_PRECOMPILE_PREFIX_HEADER = YES;
				GCC_PREFIX_HEADER = "JannkenGame/JannkenGame-Prefix.pch";
				GCC_PREPROCESSOR_DEFINITIONS = (
					"DEBUG=1",
					"$(inherited)",
				);
				INFOPLIST_FILE = "JannkenGameTests/JannkenGameTests-Info.plist";
				PRODUCT_NAME = "$(TARGET_NAME)";
				TEST_HOST = "$(BUNDLE_LOADER)";
				WRAPPER_EXTENSION = xctest;
			};
			name = Debug;
		};
		B1C41641193640250097A17F /* Release */ = {
			isa = XCBuildConfiguration;
			buildSettings = {
				BUNDLE_LOADER = "$(BUILT_PRODUCTS_DIR)/JannkenGame.app/JannkenGame";
				FRAMEWORK_SEARCH_PATHS = (
					"$(SDKROOT)/Developer/Library/Frameworks",
					"$(inherited)",
					"$(DEVELOPER_FRAMEWORKS_DIR)",
				);
				GCC_PRECOMPILE_PREFIX_HEADER = YES;
				GCC_PREFIX_HEADER = "JannkenGame/JannkenGame-Prefix.pch";
				INFOPLIST_FILE = "JannkenGameTests/JannkenGameTests-Info.plist";
				PRODUCT_NAME = "$(TARGET_NAME)";
				TEST_HOST = "$(BUNDLE_LOADER)";
				WRAPPER_EXTENSION = xctest;
			};
			name = Release;
		};
/* End XCBuildConfiguration section */

/* Begin XCConfigurationList section */
		B1C41605193640250097A17F /* Build configuration list for PBXProject "JannkenGame" */ = {
			isa = XCConfigurationList;
			buildConfigurations = (
				B1C4163A193640250097A17F /* Debug */,
				B1C4163B193640250097A17F /* Release */,
			);
			defaultConfigurationIsVisible = 0;
			defaultConfigurationName = Release;
		};
		B1C4163C193640250097A17F /* Build configuration list for PBXNativeTarget "JannkenGame" */ = {
			isa = XCConfigurationList;
			buildConfigurations = (
				B1C4163D193640250097A17F /* Debug */,
				B1C4163E193640250097A17F /* Release */,
			);
			defaultConfigurationIsVisible = 0;
		};
		B1C4163F193640250097A17F /* Build configuration list for PBXNativeTarget "JannkenGameTests" */ = {
			isa = XCConfigurationList;
			buildConfigurations = (
				B1C41640193640250097A17F /* Debug */,
				B1C41641193640250097A17F /* Release */,
			);
			defaultConfigurationIsVisible = 0;
		};
/* End XCConfigurationList section */
	};
	rootObject = B1C41602193640250097A17F /* Project object */;
}
